// !$*UTF8*$!
{
	archiveVersion = 1;
	classes = {
	};
	objectVersion = 60;
	objects = {

/* Begin PBXBuildFile section */
		1254413A2BC6DC97002B4599 /* SceneReconstructionHandler.swift in Sources */ = {isa = PBXBuildFile; fileRef = 125441392BC6DC97002B4599 /* SceneReconstructionHandler.swift */; };
		1254413C2BC6DCB9002B4599 /* GeometryUtils.swift in Sources */ = {isa = PBXBuildFile; fileRef = 1254413B2BC6DCB9002B4599 /* GeometryUtils.swift */; };
		1254413E2BC7877B002B4599 /* TableSketchpadView.swift in Sources */ = {isa = PBXBuildFile; fileRef = 1254413D2BC7877B002B4599 /* TableSketchpadView.swift */; };
		125441402BC78A46002B4599 /* TableKeyboards.swift in Sources */ = {isa = PBXBuildFile; fileRef = 1254413F2BC78A46002B4599 /* TableKeyboards.swift */; };
		125441422BC78AC0002B4599 /* TableKeyboardModel.swift in Sources */ = {isa = PBXBuildFile; fileRef = 125441412BC78AC0002B4599 /* TableKeyboardModel.swift */; };
		125441452BC7980E002B4599 /* PlaneAnchorHandler.swift in Sources */ = {isa = PBXBuildFile; fileRef = 125441442BC7980E002B4599 /* PlaneAnchorHandler.swift */; };
		125441482BC7B6F2002B4599 /* Dvorak_Keyboard.png in Resources */ = {isa = PBXBuildFile; fileRef = 125441472BC7B6F2002B4599 /* Dvorak_Keyboard.png */; };
		125441502BC7BB6B002B4599 /* EntityExtensions.swift in Sources */ = {isa = PBXBuildFile; fileRef = 1254414A2BC7BB6B002B4599 /* EntityExtensions.swift */; };
		125441512BC7BB6B002B4599 /* GestureExtensions.swift in Sources */ = {isa = PBXBuildFile; fileRef = 1254414B2BC7BB6B002B4599 /* GestureExtensions.swift */; };
		125441522BC7BB6B002B4599 /* RealityViewExtensions.swift in Sources */ = {isa = PBXBuildFile; fileRef = 1254414C2BC7BB6B002B4599 /* RealityViewExtensions.swift */; };
		125441532BC7BB6B002B4599 /* GestureComponent.swift in Sources */ = {isa = PBXBuildFile; fileRef = 1254414E2BC7BB6B002B4599 /* GestureComponent.swift */; };
		125441552BC7BDEC002B4599 /* QWERT.png in Resources */ = {isa = PBXBuildFile; fileRef = 125441542BC7BDEC002B4599 /* QWERT.png */; };
		125441572BC7E4CA002B4599 /* KeyboardModel.swift in Sources */ = {isa = PBXBuildFile; fileRef = 125441562BC7E4CA002B4599 /* KeyboardModel.swift */; };
		125441592BC8D40F002B4599 /* TempView.swift in Sources */ = {isa = PBXBuildFile; fileRef = 125441582BC8D40F002B4599 /* TempView.swift */; };
		1254415C2BC9AF9D002B4599 /* carriage.mp3 in Resources */ = {isa = PBXBuildFile; fileRef = 1254415A2BC9AF9D002B4599 /* carriage.mp3 */; };
		1254415D2BC9AF9D002B4599 /* keystroke.mp3 in Resources */ = {isa = PBXBuildFile; fileRef = 1254415B2BC9AF9D002B4599 /* keystroke.mp3 */; };
		125441A92BCD6E39002B4599 /* MultiverseView.swift in Sources */ = {isa = PBXBuildFile; fileRef = 125441A82BCD6E39002B4599 /* MultiverseView.swift */; };
		125441AB2BCF7DC6002B4599 /* UniverseVolView.swift in Sources */ = {isa = PBXBuildFile; fileRef = 125441AA2BCF7DC6002B4599 /* UniverseVolView.swift */; };
		125441AE2BCFBAA3002B4599 /* UniverseData.swift in Sources */ = {isa = PBXBuildFile; fileRef = 125441AD2BCFBAA3002B4599 /* UniverseData.swift */; };
		125441B02BCFCB2C002B4599 /* UniverseBox.swift in Sources */ = {isa = PBXBuildFile; fileRef = 125441AF2BCFCB2C002B4599 /* UniverseBox.swift */; };
		125441B22BD0E2F3002B4599 /* metal_collision.mp3 in Resources */ = {isa = PBXBuildFile; fileRef = 125441B12BD0E2F3002B4599 /* metal_collision.mp3 */; };
		125441B62BD12D62002B4599 /* ball_hit.mp3 in Resources */ = {isa = PBXBuildFile; fileRef = 125441B52BD12D62002B4599 /* ball_hit.mp3 */; };
		125441B82BD16BAA002B4599 /* ball.mp3 in Resources */ = {isa = PBXBuildFile; fileRef = 125441B72BD16BAA002B4599 /* ball.mp3 */; };
		125441BA2BD2681E002B4599 /* DragToShootComponent.swift in Sources */ = {isa = PBXBuildFile; fileRef = 125441B92BD2681E002B4599 /* DragToShootComponent.swift */; };
		12E2DA532BC125CD002F0462 /* RealityKitContent in Frameworks */ = {isa = PBXBuildFile; productRef = 12E2DA522BC125CD002F0462 /* RealityKitContent */; };
		12E2DA552BC125CD002F0462 /* visionOS_PlaygroundApp.swift in Sources */ = {isa = PBXBuildFile; fileRef = 12E2DA542BC125CD002F0462 /* visionOS_PlaygroundApp.swift */; };
		12E2DA572BC125CD002F0462 /* ContentView.swift in Sources */ = {isa = PBXBuildFile; fileRef = 12E2DA562BC125CD002F0462 /* ContentView.swift */; };
		12E2DA592BC125CD002F0462 /* ImmersiveView.swift in Sources */ = {isa = PBXBuildFile; fileRef = 12E2DA582BC125CD002F0462 /* ImmersiveView.swift */; };
		12E2DA5E2BC125CF002F0462 /* Preview Assets.xcassets in Resources */ = {isa = PBXBuildFile; fileRef = 12E2DA5D2BC125CF002F0462 /* Preview Assets.xcassets */; };
		12E2DA672BC1282B002F0462 /* RealityUI in Frameworks */ = {isa = PBXBuildFile; productRef = 12E2DA662BC1282B002F0462 /* RealityUI */; };
		12E2DA6A2BC12846002F0462 /* Shimmer in Frameworks */ = {isa = PBXBuildFile; productRef = 12E2DA692BC12846002F0462 /* Shimmer */; };
		12E2DA6D2BC1291E002F0462 /* DataModel.swift in Sources */ = {isa = PBXBuildFile; fileRef = 12E2DA6C2BC1291E002F0462 /* DataModel.swift */; };
		12E2DA702BC12C98002F0462 /* HomeView.swift in Sources */ = {isa = PBXBuildFile; fileRef = 12E2DA6F2BC12C98002F0462 /* HomeView.swift */; };
		12E2DA722BC12FC1002F0462 /* ARKitDemos.swift in Sources */ = {isa = PBXBuildFile; fileRef = 12E2DA712BC12FC1002F0462 /* ARKitDemos.swift */; };
		12E2DA742BC13001002F0462 /* HeaderView.swift in Sources */ = {isa = PBXBuildFile; fileRef = 12E2DA732BC13001002F0462 /* HeaderView.swift */; };
		12F9D3CD2BC249D600615C3C /* PortalDemo.swift in Sources */ = {isa = PBXBuildFile; fileRef = 12F9D3CC2BC249D600615C3C /* PortalDemo.swift */; };
		12F9D3D22BC2CC8000615C3C /* AboutView.swift in Sources */ = {isa = PBXBuildFile; fileRef = 12F9D3D12BC2CC8000615C3C /* AboutView.swift */; };
		12F9D3D42BC2D21500615C3C /* Assets.xcassets in Resources */ = {isa = PBXBuildFile; fileRef = 12F9D3D32BC2D21500615C3C /* Assets.xcassets */; };
		12F9D3D62BC2D6E800615C3C /* HandAttachmentView.swift in Sources */ = {isa = PBXBuildFile; fileRef = 12F9D3D52BC2D6E800615C3C /* HandAttachmentView.swift */; };
		12F9D3DE2BC54ACE00615C3C /* PlaneDetectionView.swift in Sources */ = {isa = PBXBuildFile; fileRef = 12F9D3DD2BC54ACE00615C3C /* PlaneDetectionView.swift */; };
/* End PBXBuildFile section */

/* Begin PBXFileReference section */
		125441392BC6DC97002B4599 /* SceneReconstructionHandler.swift */ = {isa = PBXFileReference; lastKnownFileType = sourcecode.swift; path = SceneReconstructionHandler.swift; sourceTree = "<group>"; };
		1254413B2BC6DCB9002B4599 /* GeometryUtils.swift */ = {isa = PBXFileReference; lastKnownFileType = sourcecode.swift; path = GeometryUtils.swift; sourceTree = "<group>"; };
		1254413D2BC7877B002B4599 /* TableSketchpadView.swift */ = {isa = PBXFileReference; lastKnownFileType = sourcecode.swift; path = TableSketchpadView.swift; sourceTree = "<group>"; };
		1254413F2BC78A46002B4599 /* TableKeyboards.swift */ = {isa = PBXFileReference; lastKnownFileType = sourcecode.swift; path = TableKeyboards.swift; sourceTree = "<group>"; };
		125441412BC78AC0002B4599 /* TableKeyboardModel.swift */ = {isa = PBXFileReference; lastKnownFileType = sourcecode.swift; path = TableKeyboardModel.swift; sourceTree = "<group>"; };
		125441442BC7980E002B4599 /* PlaneAnchorHandler.swift */ = {isa = PBXFileReference; fileEncoding = 4; lastKnownFileType = sourcecode.swift; path = PlaneAnchorHandler.swift; sourceTree = "<group>"; };
		125441472BC7B6F2002B4599 /* Dvorak_Keyboard.png */ = {isa = PBXFileReference; lastKnownFileType = image.png; path = Dvorak_Keyboard.png; sourceTree = "<group>"; };
		1254414A2BC7BB6B002B4599 /* EntityExtensions.swift */ = {isa = PBXFileReference; fileEncoding = 4; lastKnownFileType = sourcecode.swift; path = EntityExtensions.swift; sourceTree = "<group>"; };
		1254414B2BC7BB6B002B4599 /* GestureExtensions.swift */ = {isa = PBXFileReference; fileEncoding = 4; lastKnownFileType = sourcecode.swift; path = GestureExtensions.swift; sourceTree = "<group>"; };
		1254414C2BC7BB6B002B4599 /* RealityViewExtensions.swift */ = {isa = PBXFileReference; fileEncoding = 4; lastKnownFileType = sourcecode.swift; path = RealityViewExtensions.swift; sourceTree = "<group>"; };
		1254414E2BC7BB6B002B4599 /* GestureComponent.swift */ = {isa = PBXFileReference; fileEncoding = 4; lastKnownFileType = sourcecode.swift; path = GestureComponent.swift; sourceTree = "<group>"; };
		125441542BC7BDEC002B4599 /* QWERT.png */ = {isa = PBXFileReference; lastKnownFileType = image.png; path = QWERT.png; sourceTree = "<group>"; };
		125441562BC7E4CA002B4599 /* KeyboardModel.swift */ = {isa = PBXFileReference; lastKnownFileType = sourcecode.swift; path = KeyboardModel.swift; sourceTree = "<group>"; };
		125441582BC8D40F002B4599 /* TempView.swift */ = {isa = PBXFileReference; lastKnownFileType = sourcecode.swift; path = TempView.swift; sourceTree = "<group>"; };
		1254415A2BC9AF9D002B4599 /* carriage.mp3 */ = {isa = PBXFileReference; lastKnownFileType = audio.mp3; path = carriage.mp3; sourceTree = "<group>"; };
		1254415B2BC9AF9D002B4599 /* keystroke.mp3 */ = {isa = PBXFileReference; lastKnownFileType = audio.mp3; path = keystroke.mp3; sourceTree = "<group>"; };
		125441A82BCD6E39002B4599 /* MultiverseView.swift */ = {isa = PBXFileReference; lastKnownFileType = sourcecode.swift; path = MultiverseView.swift; sourceTree = "<group>"; };
		125441AA2BCF7DC6002B4599 /* UniverseVolView.swift */ = {isa = PBXFileReference; lastKnownFileType = sourcecode.swift; path = UniverseVolView.swift; sourceTree = "<group>"; };
		125441AD2BCFBAA3002B4599 /* UniverseData.swift */ = {isa = PBXFileReference; lastKnownFileType = sourcecode.swift; path = UniverseData.swift; sourceTree = "<group>"; };
		125441AF2BCFCB2C002B4599 /* UniverseBox.swift */ = {isa = PBXFileReference; lastKnownFileType = sourcecode.swift; path = UniverseBox.swift; sourceTree = "<group>"; };
		125441B12BD0E2F3002B4599 /* metal_collision.mp3 */ = {isa = PBXFileReference; lastKnownFileType = audio.mp3; path = metal_collision.mp3; sourceTree = "<group>"; };
		125441B52BD12D62002B4599 /* ball_hit.mp3 */ = {isa = PBXFileReference; lastKnownFileType = audio.mp3; path = ball_hit.mp3; sourceTree = "<group>"; };
		125441B72BD16BAA002B4599 /* ball.mp3 */ = {isa = PBXFileReference; lastKnownFileType = audio.mp3; path = ball.mp3; sourceTree = "<group>"; };
		125441B92BD2681E002B4599 /* DragToShootComponent.swift */ = {isa = PBXFileReference; lastKnownFileType = sourcecode.swift; path = DragToShootComponent.swift; sourceTree = "<group>"; };
		12E2DA4D2BC125CD002F0462 /* visionOS Playground.app */ = {isa = PBXFileReference; explicitFileType = wrapper.application; includeInIndex = 0; path = "visionOS Playground.app"; sourceTree = BUILT_PRODUCTS_DIR; };
		12E2DA512BC125CD002F0462 /* RealityKitContent */ = {isa = PBXFileReference; lastKnownFileType = wrapper; path = RealityKitContent; sourceTree = "<group>"; };
		12E2DA542BC125CD002F0462 /* visionOS_PlaygroundApp.swift */ = {isa = PBXFileReference; lastKnownFileType = sourcecode.swift; path = visionOS_PlaygroundApp.swift; sourceTree = "<group>"; };
		12E2DA562BC125CD002F0462 /* ContentView.swift */ = {isa = PBXFileReference; lastKnownFileType = sourcecode.swift; path = ContentView.swift; sourceTree = "<group>"; };
		12E2DA582BC125CD002F0462 /* ImmersiveView.swift */ = {isa = PBXFileReference; lastKnownFileType = sourcecode.swift; path = ImmersiveView.swift; sourceTree = "<group>"; };
		12E2DA5D2BC125CF002F0462 /* Preview Assets.xcassets */ = {isa = PBXFileReference; lastKnownFileType = folder.assetcatalog; path = "Preview Assets.xcassets"; sourceTree = "<group>"; };
		12E2DA5F2BC125CF002F0462 /* Info.plist */ = {isa = PBXFileReference; lastKnownFileType = text.plist.xml; path = Info.plist; sourceTree = "<group>"; };
		12E2DA6B2BC1287A002F0462 /* README.md */ = {isa = PBXFileReference; lastKnownFileType = net.daringfireball.markdown; path = README.md; sourceTree = "<group>"; };
		12E2DA6C2BC1291E002F0462 /* DataModel.swift */ = {isa = PBXFileReference; lastKnownFileType = sourcecode.swift; path = DataModel.swift; sourceTree = "<group>"; };
		12E2DA6F2BC12C98002F0462 /* HomeView.swift */ = {isa = PBXFileReference; lastKnownFileType = sourcecode.swift; path = HomeView.swift; sourceTree = "<group>"; };
		12E2DA712BC12FC1002F0462 /* ARKitDemos.swift */ = {isa = PBXFileReference; lastKnownFileType = sourcecode.swift; path = ARKitDemos.swift; sourceTree = "<group>"; };
		12E2DA732BC13001002F0462 /* HeaderView.swift */ = {isa = PBXFileReference; lastKnownFileType = sourcecode.swift; path = HeaderView.swift; sourceTree = "<group>"; };
		12F9D3CC2BC249D600615C3C /* PortalDemo.swift */ = {isa = PBXFileReference; lastKnownFileType = sourcecode.swift; path = PortalDemo.swift; sourceTree = "<group>"; };
		12F9D3D12BC2CC8000615C3C /* AboutView.swift */ = {isa = PBXFileReference; lastKnownFileType = sourcecode.swift; path = AboutView.swift; sourceTree = "<group>"; };
		12F9D3D32BC2D21500615C3C /* Assets.xcassets */ = {isa = PBXFileReference; lastKnownFileType = folder.assetcatalog; path = Assets.xcassets; sourceTree = "<group>"; };
		12F9D3D52BC2D6E800615C3C /* HandAttachmentView.swift */ = {isa = PBXFileReference; lastKnownFileType = sourcecode.swift; path = HandAttachmentView.swift; sourceTree = "<group>"; };
		12F9D3DD2BC54ACE00615C3C /* PlaneDetectionView.swift */ = {isa = PBXFileReference; lastKnownFileType = sourcecode.swift; path = PlaneDetectionView.swift; sourceTree = "<group>"; };
/* End PBXFileReference section */

/* Begin PBXFrameworksBuildPhase section */
		12E2DA4A2BC125CD002F0462 /* Frameworks */ = {
			isa = PBXFrameworksBuildPhase;
			buildActionMask = 2147483647;
			files = (
				12E2DA6A2BC12846002F0462 /* Shimmer in Frameworks */,
				12E2DA532BC125CD002F0462 /* RealityKitContent in Frameworks */,
				12E2DA672BC1282B002F0462 /* RealityUI in Frameworks */,
			);
			runOnlyForDeploymentPostprocessing = 0;
		};
/* End PBXFrameworksBuildPhase section */

/* Begin PBXGroup section */
		125441382BC6DC85002B4599 /* Utils */ = {
			isa = PBXGroup;
			children = (
				125441492BC7BB5D002B4599 /* GestureUtils */,
				125441442BC7980E002B4599 /* PlaneAnchorHandler.swift */,
				125441392BC6DC97002B4599 /* SceneReconstructionHandler.swift */,
				1254413B2BC6DCB9002B4599 /* GeometryUtils.swift */,
				125441B92BD2681E002B4599 /* DragToShootComponent.swift */,
			);
			path = Utils;
			sourceTree = "<group>";
		};
		125441432BC78F69002B4599 /* RealityEntitys */ = {
			isa = PBXGroup;
			children = (
				125441562BC7E4CA002B4599 /* KeyboardModel.swift */,
				125441AF2BCFCB2C002B4599 /* UniverseBox.swift */,
			);
			path = RealityEntitys;
			sourceTree = "<group>";
		};
		125441462BC7B6E0002B4599 /* Assets */ = {
			isa = PBXGroup;
			children = (
				125441B72BD16BAA002B4599 /* ball.mp3 */,
				125441B52BD12D62002B4599 /* ball_hit.mp3 */,
				125441B12BD0E2F3002B4599 /* metal_collision.mp3 */,
				1254415A2BC9AF9D002B4599 /* carriage.mp3 */,
				1254415B2BC9AF9D002B4599 /* keystroke.mp3 */,
				125441472BC7B6F2002B4599 /* Dvorak_Keyboard.png */,
				125441542BC7BDEC002B4599 /* QWERT.png */,
			);
			path = Assets;
			sourceTree = "<group>";
		};
		125441492BC7BB5D002B4599 /* GestureUtils */ = {
			isa = PBXGroup;
			children = (
				1254414F2BC7BB6B002B4599 /* Components */,
				1254414D2BC7BB6B002B4599 /* Extensions */,
			);
			path = GestureUtils;
			sourceTree = "<group>";
		};
		1254414D2BC7BB6B002B4599 /* Extensions */ = {
			isa = PBXGroup;
			children = (
				1254414A2BC7BB6B002B4599 /* EntityExtensions.swift */,
				1254414B2BC7BB6B002B4599 /* GestureExtensions.swift */,
				1254414C2BC7BB6B002B4599 /* RealityViewExtensions.swift */,
			);
			path = Extensions;
			sourceTree = "<group>";
		};
		1254414F2BC7BB6B002B4599 /* Components */ = {
			isa = PBXGroup;
			children = (
				1254414E2BC7BB6B002B4599 /* GestureComponent.swift */,
			);
			path = Components;
			sourceTree = "<group>";
		};
		125441AC2BCFBA8D002B4599 /* DataModel */ = {
			isa = PBXGroup;
			children = (
				125441AD2BCFBAA3002B4599 /* UniverseData.swift */,
			);
			path = DataModel;
			sourceTree = "<group>";
		};
		12E2DA442BC125CC002F0462 = {
			isa = PBXGroup;
			children = (
				12E2DA6B2BC1287A002F0462 /* README.md */,
				12E2DA4F2BC125CD002F0462 /* visionOS Playground */,
				12E2DA502BC125CD002F0462 /* Packages */,
				12E2DA4E2BC125CD002F0462 /* Products */,
			);
			sourceTree = "<group>";
		};
		12E2DA4E2BC125CD002F0462 /* Products */ = {
			isa = PBXGroup;
			children = (
				12E2DA4D2BC125CD002F0462 /* visionOS Playground.app */,
			);
			name = Products;
			sourceTree = "<group>";
		};
		12E2DA4F2BC125CD002F0462 /* visionOS Playground */ = {
			isa = PBXGroup;
			children = (
				125441AC2BCFBA8D002B4599 /* DataModel */,
				125441462BC7B6E0002B4599 /* Assets */,
				125441432BC78F69002B4599 /* RealityEntitys */,
				125441382BC6DC85002B4599 /* Utils */,
				12F9D3D32BC2D21500615C3C /* Assets.xcassets */,
				12E2DA752BC18E2E002F0462 /* ImmersiveViews */,
				12E2DA6E2BC12C8A002F0462 /* Views */,
				12E2DA542BC125CD002F0462 /* visionOS_PlaygroundApp.swift */,
				12E2DA5F2BC125CF002F0462 /* Info.plist */,
				12E2DA5C2BC125CF002F0462 /* Preview Content */,
				12E2DA6C2BC1291E002F0462 /* DataModel.swift */,
				125441412BC78AC0002B4599 /* TableKeyboardModel.swift */,
			);
			path = "visionOS Playground";
			sourceTree = "<group>";
		};
		12E2DA502BC125CD002F0462 /* Packages */ = {
			isa = PBXGroup;
			children = (
				12E2DA512BC125CD002F0462 /* RealityKitContent */,
			);
			path = Packages;
			sourceTree = "<group>";
		};
		12E2DA5C2BC125CF002F0462 /* Preview Content */ = {
			isa = PBXGroup;
			children = (
				12E2DA5D2BC125CF002F0462 /* Preview Assets.xcassets */,
			);
			path = "Preview Content";
			sourceTree = "<group>";
		};
		12E2DA6E2BC12C8A002F0462 /* Views */ = {
			isa = PBXGroup;
			children = (
				12E2DA562BC125CD002F0462 /* ContentView.swift */,
				12E2DA6F2BC12C98002F0462 /* HomeView.swift */,
				12E2DA712BC12FC1002F0462 /* ARKitDemos.swift */,
				12E2DA732BC13001002F0462 /* HeaderView.swift */,
				12F9D3CC2BC249D600615C3C /* PortalDemo.swift */,
				12F9D3D12BC2CC8000615C3C /* AboutView.swift */,
				125441582BC8D40F002B4599 /* TempView.swift */,
				125441A82BCD6E39002B4599 /* MultiverseView.swift */,
				125441AA2BCF7DC6002B4599 /* UniverseVolView.swift */,
			);
			path = Views;
			sourceTree = "<group>";
		};
		12E2DA752BC18E2E002F0462 /* ImmersiveViews */ = {
			isa = PBXGroup;
			children = (
				12E2DA582BC125CD002F0462 /* ImmersiveView.swift */,
				12F9D3D52BC2D6E800615C3C /* HandAttachmentView.swift */,
				12F9D3DD2BC54ACE00615C3C /* PlaneDetectionView.swift */,
				1254413D2BC7877B002B4599 /* TableSketchpadView.swift */,
				1254413F2BC78A46002B4599 /* TableKeyboards.swift */,
			);
			path = ImmersiveViews;
			sourceTree = "<group>";
		};
/* End PBXGroup section */

/* Begin PBXNativeTarget section */
		12E2DA4C2BC125CD002F0462 /* visionOS Playground */ = {
			isa = PBXNativeTarget;
			buildConfigurationList = 12E2DA622BC125CF002F0462 /* Build configuration list for PBXNativeTarget "visionOS Playground" */;
			buildPhases = (
				12E2DA492BC125CD002F0462 /* Sources */,
				12E2DA4A2BC125CD002F0462 /* Frameworks */,
				12E2DA4B2BC125CD002F0462 /* Resources */,
			);
			buildRules = (
			);
			dependencies = (
			);
			name = "visionOS Playground";
			packageProductDependencies = (
				12E2DA522BC125CD002F0462 /* RealityKitContent */,
				12E2DA662BC1282B002F0462 /* RealityUI */,
				12E2DA692BC12846002F0462 /* Shimmer */,
			);
			productName = "visionOS Playground";
			productReference = 12E2DA4D2BC125CD002F0462 /* visionOS Playground.app */;
			productType = "com.apple.product-type.application";
		};
/* End PBXNativeTarget section */

/* Begin PBXProject section */
		12E2DA452BC125CC002F0462 /* Project object */ = {
			isa = PBXProject;
			attributes = {
				BuildIndependentTargetsInParallel = 1;
				LastSwiftUpdateCheck = 1530;
				LastUpgradeCheck = 1530;
				TargetAttributes = {
					12E2DA4C2BC125CD002F0462 = {
						CreatedOnToolsVersion = 15.3;
					};
				};
			};
			buildConfigurationList = 12E2DA482BC125CC002F0462 /* Build configuration list for PBXProject "visionOS Playground" */;
			compatibilityVersion = "Xcode 14.0";
			developmentRegion = en;
			hasScannedForEncodings = 0;
			knownRegions = (
				en,
				Base,
			);
			mainGroup = 12E2DA442BC125CC002F0462;
			packageReferences = (
				12E2DA652BC1282B002F0462 /* XCRemoteSwiftPackageReference "RealityUI" */,
				12E2DA682BC12846002F0462 /* XCLocalSwiftPackageReference "../../SwiftUI-Shimmer" */,
			);
			productRefGroup = 12E2DA4E2BC125CD002F0462 /* Products */;
			projectDirPath = "";
			projectRoot = "";
			targets = (
				12E2DA4C2BC125CD002F0462 /* visionOS Playground */,
			);
		};
/* End PBXProject section */

/* Begin PBXResourcesBuildPhase section */
		12E2DA4B2BC125CD002F0462 /* Resources */ = {
			isa = PBXResourcesBuildPhase;
			buildActionMask = 2147483647;
			files = (
				1254415C2BC9AF9D002B4599 /* carriage.mp3 in Resources */,
				125441B62BD12D62002B4599 /* ball_hit.mp3 in Resources */,
				125441B82BD16BAA002B4599 /* ball.mp3 in Resources */,
				125441B22BD0E2F3002B4599 /* metal_collision.mp3 in Resources */,
				12F9D3D42BC2D21500615C3C /* Assets.xcassets in Resources */,
				125441482BC7B6F2002B4599 /* Dvorak_Keyboard.png in Resources */,
				12E2DA5E2BC125CF002F0462 /* Preview Assets.xcassets in Resources */,
				1254415D2BC9AF9D002B4599 /* keystroke.mp3 in Resources */,
				125441552BC7BDEC002B4599 /* QWERT.png in Resources */,
			);
			runOnlyForDeploymentPostprocessing = 0;
		};
/* End PBXResourcesBuildPhase section */

/* Begin PBXSourcesBuildPhase section */
		12E2DA492BC125CD002F0462 /* Sources */ = {
			isa = PBXSourcesBuildPhase;
			buildActionMask = 2147483647;
			files = (
				125441452BC7980E002B4599 /* PlaneAnchorHandler.swift in Sources */,
				12F9D3DE2BC54ACE00615C3C /* PlaneDetectionView.swift in Sources */,
				125441A92BCD6E39002B4599 /* MultiverseView.swift in Sources */,
				125441402BC78A46002B4599 /* TableKeyboards.swift in Sources */,
				125441512BC7BB6B002B4599 /* GestureExtensions.swift in Sources */,
				12E2DA572BC125CD002F0462 /* ContentView.swift in Sources */,
				1254413A2BC6DC97002B4599 /* SceneReconstructionHandler.swift in Sources */,
				12E2DA6D2BC1291E002F0462 /* DataModel.swift in Sources */,
				125441522BC7BB6B002B4599 /* RealityViewExtensions.swift in Sources */,
				12F9D3CD2BC249D600615C3C /* PortalDemo.swift in Sources */,
				12E2DA552BC125CD002F0462 /* visionOS_PlaygroundApp.swift in Sources */,
				12F9D3D22BC2CC8000615C3C /* AboutView.swift in Sources */,
				12E2DA702BC12C98002F0462 /* HomeView.swift in Sources */,
				12E2DA722BC12FC1002F0462 /* ARKitDemos.swift in Sources */,
				125441BA2BD2681E002B4599 /* DragToShootComponent.swift in Sources */,
				125441AE2BCFBAA3002B4599 /* UniverseData.swift in Sources */,
				1254413C2BC6DCB9002B4599 /* GeometryUtils.swift in Sources */,
				12E2DA592BC125CD002F0462 /* ImmersiveView.swift in Sources */,
				12F9D3D62BC2D6E800615C3C /* HandAttachmentView.swift in Sources */,
				125441422BC78AC0002B4599 /* TableKeyboardModel.swift in Sources */,
				125441B02BCFCB2C002B4599 /* UniverseBox.swift in Sources */,
				12E2DA742BC13001002F0462 /* HeaderView.swift in Sources */,
				125441AB2BCF7DC6002B4599 /* UniverseVolView.swift in Sources */,
				125441572BC7E4CA002B4599 /* KeyboardModel.swift in Sources */,
				125441532BC7BB6B002B4599 /* GestureComponent.swift in Sources */,
				125441502BC7BB6B002B4599 /* EntityExtensions.swift in Sources */,
				1254413E2BC7877B002B4599 /* TableSketchpadView.swift in Sources */,
				125441592BC8D40F002B4599 /* TempView.swift in Sources */,
			);
			runOnlyForDeploymentPostprocessing = 0;
		};
/* End PBXSourcesBuildPhase section */

/* Begin XCBuildConfiguration section */
		12E2DA602BC125CF002F0462 /* Debug */ = {
			isa = XCBuildConfiguration;
			buildSettings = {
				ALWAYS_SEARCH_USER_PATHS = NO;
				ASSETCATALOG_COMPILER_GENERATE_SWIFT_ASSET_SYMBOL_EXTENSIONS = YES;
				CLANG_ANALYZER_NONNULL = YES;
				CLANG_ANALYZER_NUMBER_OBJECT_CONVERSION = YES_AGGRESSIVE;
				CLANG_CXX_LANGUAGE_STANDARD = "gnu++20";
				CLANG_ENABLE_MODULES = YES;
				CLANG_ENABLE_OBJC_ARC = YES;
				CLANG_ENABLE_OBJC_WEAK = YES;
				CLANG_WARN_BLOCK_CAPTURE_AUTORELEASING = YES;
				CLANG_WARN_BOOL_CONVERSION = YES;
				CLANG_WARN_COMMA = YES;
				CLANG_WARN_CONSTANT_CONVERSION = YES;
				CLANG_WARN_DEPRECATED_OBJC_IMPLEMENTATIONS = YES;
				CLANG_WARN_DIRECT_OBJC_ISA_USAGE = YES_ERROR;
				CLANG_WARN_DOCUMENTATION_COMMENTS = YES;
				CLANG_WARN_EMPTY_BODY = YES;
				CLANG_WARN_ENUM_CONVERSION = YES;
				CLANG_WARN_INFINITE_RECURSION = YES;
				CLANG_WARN_INT_CONVERSION = YES;
				CLANG_WARN_NON_LITERAL_NULL_CONVERSION = YES;
				CLANG_WARN_OBJC_IMPLICIT_RETAIN_SELF = YES;
				CLANG_WARN_OBJC_LITERAL_CONVERSION = YES;
				CLANG_WARN_OBJC_ROOT_CLASS = YES_ERROR;
				CLANG_WARN_QUOTED_INCLUDE_IN_FRAMEWORK_HEADER = YES;
				CLANG_WARN_RANGE_LOOP_ANALYSIS = YES;
				CLANG_WARN_STRICT_PROTOTYPES = YES;
				CLANG_WARN_SUSPICIOUS_MOVE = YES;
				CLANG_WARN_UNGUARDED_AVAILABILITY = YES_AGGRESSIVE;
				CLANG_WARN_UNREACHABLE_CODE = YES;
				CLANG_WARN__DUPLICATE_METHOD_MATCH = YES;
				COPY_PHASE_STRIP = NO;
				DEBUG_INFORMATION_FORMAT = dwarf;
				ENABLE_STRICT_OBJC_MSGSEND = YES;
				ENABLE_TESTABILITY = YES;
				ENABLE_USER_SCRIPT_SANDBOXING = YES;
				GCC_C_LANGUAGE_STANDARD = gnu17;
				GCC_DYNAMIC_NO_PIC = NO;
				GCC_NO_COMMON_BLOCKS = YES;
				GCC_OPTIMIZATION_LEVEL = 0;
				GCC_PREPROCESSOR_DEFINITIONS = (
					"DEBUG=1",
					"$(inherited)",
				);
				GCC_WARN_64_TO_32_BIT_CONVERSION = YES;
				GCC_WARN_ABOUT_RETURN_TYPE = YES_ERROR;
				GCC_WARN_UNDECLARED_SELECTOR = YES;
				GCC_WARN_UNINITIALIZED_AUTOS = YES_AGGRESSIVE;
				GCC_WARN_UNUSED_FUNCTION = YES;
				GCC_WARN_UNUSED_VARIABLE = YES;
				LOCALIZATION_PREFERS_STRING_CATALOGS = YES;
				MTL_ENABLE_DEBUG_INFO = INCLUDE_SOURCE;
				MTL_FAST_MATH = YES;
				ONLY_ACTIVE_ARCH = YES;
				SDKROOT = xros;
				SWIFT_ACTIVE_COMPILATION_CONDITIONS = "DEBUG $(inherited)";
				SWIFT_OPTIMIZATION_LEVEL = "-Onone";
				XROS_DEPLOYMENT_TARGET = 1.1;
			};
			name = Debug;
		};
		12E2DA612BC125CF002F0462 /* Release */ = {
			isa = XCBuildConfiguration;
			buildSettings = {
				ALWAYS_SEARCH_USER_PATHS = NO;
				ASSETCATALOG_COMPILER_GENERATE_SWIFT_ASSET_SYMBOL_EXTENSIONS = YES;
				CLANG_ANALYZER_NONNULL = YES;
				CLANG_ANALYZER_NUMBER_OBJECT_CONVERSION = YES_AGGRESSIVE;
				CLANG_CXX_LANGUAGE_STANDARD = "gnu++20";
				CLANG_ENABLE_MODULES = YES;
				CLANG_ENABLE_OBJC_ARC = YES;
				CLANG_ENABLE_OBJC_WEAK = YES;
				CLANG_WARN_BLOCK_CAPTURE_AUTORELEASING = YES;
				CLANG_WARN_BOOL_CONVERSION = YES;
				CLANG_WARN_COMMA = YES;
				CLANG_WARN_CONSTANT_CONVERSION = YES;
				CLANG_WARN_DEPRECATED_OBJC_IMPLEMENTATIONS = YES;
				CLANG_WARN_DIRECT_OBJC_ISA_USAGE = YES_ERROR;
				CLANG_WARN_DOCUMENTATION_COMMENTS = YES;
				CLANG_WARN_EMPTY_BODY = YES;
				CLANG_WARN_ENUM_CONVERSION = YES;
				CLANG_WARN_INFINITE_RECURSION = YES;
				CLANG_WARN_INT_CONVERSION = YES;
				CLANG_WARN_NON_LITERAL_NULL_CONVERSION = YES;
				CLANG_WARN_OBJC_IMPLICIT_RETAIN_SELF = YES;
				CLANG_WARN_OBJC_LITERAL_CONVERSION = YES;
				CLANG_WARN_OBJC_ROOT_CLASS = YES_ERROR;
				CLANG_WARN_QUOTED_INCLUDE_IN_FRAMEWORK_HEADER = YES;
				CLANG_WARN_RANGE_LOOP_ANALYSIS = YES;
				CLANG_WARN_STRICT_PROTOTYPES = YES;
				CLANG_WARN_SUSPICIOUS_MOVE = YES;
				CLANG_WARN_UNGUARDED_AVAILABILITY = YES_AGGRESSIVE;
				CLANG_WARN_UNREACHABLE_CODE = YES;
				CLANG_WARN__DUPLICATE_METHOD_MATCH = YES;
				COPY_PHASE_STRIP = NO;
				DEBUG_INFORMATION_FORMAT = "dwarf-with-dsym";
				ENABLE_NS_ASSERTIONS = NO;
				ENABLE_STRICT_OBJC_MSGSEND = YES;
				ENABLE_USER_SCRIPT_SANDBOXING = YES;
				GCC_C_LANGUAGE_STANDARD = gnu17;
				GCC_NO_COMMON_BLOCKS = YES;
				GCC_WARN_64_TO_32_BIT_CONVERSION = YES;
				GCC_WARN_ABOUT_RETURN_TYPE = YES_ERROR;
				GCC_WARN_UNDECLARED_SELECTOR = YES;
				GCC_WARN_UNINITIALIZED_AUTOS = YES_AGGRESSIVE;
				GCC_WARN_UNUSED_FUNCTION = YES;
				GCC_WARN_UNUSED_VARIABLE = YES;
				LOCALIZATION_PREFERS_STRING_CATALOGS = YES;
				MTL_ENABLE_DEBUG_INFO = NO;
				MTL_FAST_MATH = YES;
				SDKROOT = xros;
				SWIFT_COMPILATION_MODE = wholemodule;
				VALIDATE_PRODUCT = YES;
				XROS_DEPLOYMENT_TARGET = 1.1;
			};
			name = Release;
		};
		12E2DA632BC125CF002F0462 /* Debug */ = {
			isa = XCBuildConfiguration;
			buildSettings = {
				ASSETCATALOG_COMPILER_APPICON_NAME = AppIcon;
				ASSETCATALOG_COMPILER_GLOBAL_ACCENT_COLOR_NAME = AccentColor;
				CODE_SIGN_STYLE = Automatic;
				CURRENT_PROJECT_VERSION = 2;
				DEVELOPMENT_ASSET_PATHS = "\"visionOS Playground/Preview Content\"";
				DEVELOPMENT_TEAM = F7QY5N4BYH;
				ENABLE_PREVIEWS = YES;
				GENERATE_INFOPLIST_FILE = YES;
				INFOPLIST_FILE = "$(TARGET_NAME)/Info.plist";
				INFOPLIST_KEY_CFBundleDisplayName = "XRI Experiences";
				INFOPLIST_KEY_LSApplicationCategoryType = "public.app-category.education";
				LD_RUNPATH_SEARCH_PATHS = (
					"$(inherited)",
					"@executable_path/Frameworks",
				);
				MARKETING_VERSION = 0.1;
				PRODUCT_BUNDLE_IDENTIFIER = "ergo.lab.xri-experiences";
				PRODUCT_NAME = "$(TARGET_NAME)";
				SUPPORTED_PLATFORMS = "xros xrsimulator";
				SWIFT_EMIT_LOC_STRINGS = YES;
				SWIFT_VERSION = 5.0;
				TARGETED_DEVICE_FAMILY = "1,2,7";
			};
			name = Debug;
		};
		12E2DA642BC125CF002F0462 /* Release */ = {
			isa = XCBuildConfiguration;
			buildSettings = {
				ASSETCATALOG_COMPILER_APPICON_NAME = AppIcon;
				ASSETCATALOG_COMPILER_GLOBAL_ACCENT_COLOR_NAME = AccentColor;
				CODE_SIGN_STYLE = Automatic;
				CURRENT_PROJECT_VERSION = 2;
				DEVELOPMENT_ASSET_PATHS = "\"visionOS Playground/Preview Content\"";
				DEVELOPMENT_TEAM = F7QY5N4BYH;
				ENABLE_PREVIEWS = YES;
				GENERATE_INFOPLIST_FILE = YES;
				INFOPLIST_FILE = "$(TARGET_NAME)/Info.plist";
				INFOPLIST_KEY_CFBundleDisplayName = "XRI Experiences";
				INFOPLIST_KEY_LSApplicationCategoryType = "public.app-category.education";
				LD_RUNPATH_SEARCH_PATHS = (
					"$(inherited)",
					"@executable_path/Frameworks",
				);
				MARKETING_VERSION = 0.1;
				PRODUCT_BUNDLE_IDENTIFIER = "ergo.lab.xri-experiences";
				PRODUCT_NAME = "$(TARGET_NAME)";
				SUPPORTED_PLATFORMS = "xros xrsimulator";
				SWIFT_EMIT_LOC_STRINGS = YES;
				SWIFT_VERSION = 5.0;
				TARGETED_DEVICE_FAMILY = "1,2,7";
			};
			name = Release;
		};
/* End XCBuildConfiguration section */

/* Begin XCConfigurationList section */
		12E2DA482BC125CC002F0462 /* Build configuration list for PBXProject "visionOS Playground" */ = {
			isa = XCConfigurationList;
			buildConfigurations = (
				12E2DA602BC125CF002F0462 /* Debug */,
				12E2DA612BC125CF002F0462 /* Release */,
			);
			defaultConfigurationIsVisible = 0;
			defaultConfigurationName = Release;
		};
		12E2DA622BC125CF002F0462 /* Build configuration list for PBXNativeTarget "visionOS Playground" */ = {
			isa = XCConfigurationList;
			buildConfigurations = (
				12E2DA632BC125CF002F0462 /* Debug */,
				12E2DA642BC125CF002F0462 /* Release */,
			);
			defaultConfigurationIsVisible = 0;
			defaultConfigurationName = Release;
		};
/* End XCConfigurationList section */

/* Begin XCLocalSwiftPackageReference section */
		12E2DA682BC12846002F0462 /* XCLocalSwiftPackageReference "../../SwiftUI-Shimmer" */ = {
			isa = XCLocalSwiftPackageReference;
			relativePath = "../../SwiftUI-Shimmer";
		};
/* End XCLocalSwiftPackageReference section */

/* Begin XCRemoteSwiftPackageReference section */
		12E2DA652BC1282B002F0462 /* XCRemoteSwiftPackageReference "RealityUI" */ = {
			isa = XCRemoteSwiftPackageReference;
			repositoryURL = "https://github.com/maxxfrazer/RealityUI.git";
			requirement = {
				kind = upToNextMajorVersion;
				minimumVersion = 1.5.1;
			};
		};
/* End XCRemoteSwiftPackageReference section */

/* Begin XCSwiftPackageProductDependency section */
		12E2DA522BC125CD002F0462 /* RealityKitContent */ = {
			isa = XCSwiftPackageProductDependency;
			productName = RealityKitContent;
		};
		12E2DA662BC1282B002F0462 /* RealityUI */ = {
			isa = XCSwiftPackageProductDependency;
			package = 12E2DA652BC1282B002F0462 /* XCRemoteSwiftPackageReference "RealityUI" */;
			productName = RealityUI;
		};
		12E2DA692BC12846002F0462 /* Shimmer */ = {
			isa = XCSwiftPackageProductDependency;
			productName = Shimmer;
		};
/* End XCSwiftPackageProductDependency section */
	};
	rootObject = 12E2DA452BC125CC002F0462 /* Project object */;
}
